
Microsoft Visual Studio Solution File, Format Version 12.00
# Visual Studio 15
VisualStudioVersion = 15.0.26124.0
MinimumVisualStudioVersion = 15.0.26124.0
Project("{FAE04EC0-301F-11D3-BF4B-00C04F79EFBC}") = "codeclimber.raytracer", "raytracer\codeclimber.raytracer.csproj", "{05B48B88-1E9C-45B2-AC43-1DAEE33B263B}"
EndProject
Project("{FAE04EC0-301F-11D3-BF4B-00C04F79EFBC}") = "codeclimber.raytracer.xUnit", "xUnit\codeclimber.raytracer.xUnit.csproj", "{2CDB73F4-8ECD-4B78-A08E-95D416C569B2}"
EndProject
Global
	GlobalSection(SolutionConfigurationPlatforms) = preSolution
		Debug|Any CPU = Debug|Any CPU
		Debug|x64 = Debug|x64
		Debug|x86 = Debug|x86
		Release|Any CPU = Release|Any CPU
		Release|x64 = Release|x64
		Release|x86 = Release|x86
	EndGlobalSection
	GlobalSection(SolutionProperties) = preSolution
		HideSolutionNode = FALSE
	EndGlobalSection
	GlobalSection(ProjectConfigurationPlatforms) = postSolution
		{05B48B88-1E9C-45B2-AC43-1DAEE33B263B}.Debug|Any CPU.ActiveCfg = Debug|Any CPU
		{05B48B88-1E9C-45B2-AC43-1DAEE33B263B}.Debug|Any CPU.Build.0 = Debug|Any CPU
		{05B48B88-1E9C-45B2-AC43-1DAEE33B263B}.Debug|x64.ActiveCfg = Debug|Any CPU
		{05B48B88-1E9C-45B2-AC43-1DAEE33B263B}.Debug|x64.Build.0 = Debug|Any CPU
		{05B48B88-1E9C-45B2-AC43-1DAEE33B263B}.Debug|x86.ActiveCfg = Debug|Any CPU
		{05B48B88-1E9C-45B2-AC43-1DAEE33B263B}.Debug|x86.Build.0 = Debug|Any CPU
		{05B48B88-1E9C-45B2-AC43-1DAEE33B263B}.Release|Any CPU.ActiveCfg = Release|Any CPU
		{05B48B88-1E9C-45B2-AC43-1DAEE33B263B}.Release|Any CPU.Build.0 = Release|Any CPU
		{05B48B88-1E9C-45B2-AC43-1DAEE33B263B}.Release|x64.ActiveCfg = Release|Any CPU
		{05B48B88-1E9C-45B2-AC43-1DAEE33B263B}.Release|x64.Build.0 = Release|Any CPU
		{05B48B88-1E9C-45B2-AC43-1DAEE33B263B}.Release|x86.ActiveCfg = Release|Any CPU
		{05B48B88-1E9C-45B2-AC43-1DAEE33B263B}.Release|x86.Build.0 = Release|Any CPU
		{2CDB73F4-8ECD-4B78-A08E-95D416C569B2}.Debug|Any CPU.ActiveCfg = Debug|Any CPU
		{2CDB73F4-8ECD-4B78-A08E-95D416C569B2}.Debug|Any CPU.Build.0 = Debug|Any CPU
		{2CDB73F4-8ECD-4B78-A08E-95D416C569B2}.Debug|x64.ActiveCfg = Debug|Any CPU
		{2CDB73F4-8ECD-4B78-A08E-95D416C569B2}.Debug|x64.Build.0 = Debug|Any CPU
		{2CDB73F4-8ECD-4B78-A08E-95D416C569B2}.Debug|x86.ActiveCfg = Debug|Any CPU
		{2CDB73F4-8ECD-4B78-A08E-95D416C569B2}.Debug|x86.Build.0 = Debug|Any CPU
		{2CDB73F4-8ECD-4B78-A08E-95D416C569B2}.Release|Any CPU.ActiveCfg = Release|Any CPU
		{2CDB73F4-8ECD-4B78-A08E-95D416C569B2}.Release|Any CPU.Build.0 = Release|Any CPU
		{2CDB73F4-8ECD-4B78-A08E-95D416C569B2}.Release|x64.ActiveCfg = Release|Any CPU
		{2CDB73F4-8ECD-4B78-A08E-95D416C569B2}.Release|x64.Build.0 = Release|Any CPU
		{2CDB73F4-8ECD-4B78-A08E-95D416C569B2}.Release|x86.ActiveCfg = Release|Any CPU
		{2CDB73F4-8ECD-4B78-A08E-95D416C569B2}.Release|x86.Build.0 = Release|Any CPU
	EndGlobalSection
EndGlobal
